PODS:
  - iOSDFULibrary (4.11.0):
    - ZIPFoundation (= 0.9.11)
  - MJExtension (3.0.13)
  - MJRefresh (3.1.12)
  - ZIPFoundation (0.9.11)

DEPENDENCIES:
  - iOSDFULibrary (= 4.11.0)
  - MJExtension
  - MJRefresh

SPEC REPOS:
  https://github.com/CocoaPods/Specs.git:
    - MJExtension
    - MJRefresh
  trunk:
    - iOSDFULibrary
    - ZIPFoundation

SPEC CHECKSUMS:
  iOSDFULibrary: ca2a4da1f1680fe4957b0a33ad605c9e10f7ae7c
  MJExtension: 5932755f451458eefa24239358817f8d291240c7
  MJRefresh: b96cdb21c4aa75a7b07654311ab2f315c497e806
  ZIPFoundation: b1f0de4eed33e74a676f76e12559ab6b75990197

PODFILE CHECKSUM: dbc35d0701d97dfc1a6063723296a14ef1bb35af

COCOAPODS: 1.9.3
